# Generated by pub
# See http://pub.dartlang.org/doc/glossary.html#lockfile
packages:
  browser:
    description: browser
    source: hosted
    version: "0.9.1"
  collection:
    description: collection
    source: hosted
    version: "0.9.1"
  logging:
    description: logging
    source: hosted
    version: "0.9.1+1"
  route_hierarchical:
    description: route_hierarchical
    source: hosted
    version: "0.4.14"
